
Microsoft Visual Studio Solution File, Format Version 12.00
# Visual Studio Version 17
VisualStudioVersion = 17.12.35521.163
MinimumVisualStudioVersion = 10.0.40219.1
Project("{FAE04EC0-301F-11D3-BF4B-00C04F79EFBC}") = "DCManagement", "DCManagement\DCManagement.csproj", "{F18EA45D-1D58-42DA-AE97-522BC8B40814}"
EndProject
Project("{2150E333-8FDC-42A3-9474-1A3956D46DE8}") = "Solution Items", "Solution Items", "{59C8B199-BD9C-4199-9219-108AD7E46A7F}"
	ProjectSection(SolutionItems) = preProject
		.editorconfig = .editorconfig
		.globalconfig = .globalconfig
	EndProjectSection
EndProject
Global
	GlobalSection(SolutionConfigurationPlatforms) = preSolution
		Debug|Any CPU = Debug|Any CPU
		Ext|Any CPU = Ext|Any CPU
		Release|Any CPU = Release|Any CPU
	EndGlobalSection
	GlobalSection(ProjectConfigurationPlatforms) = postSolution
		{F18EA45D-1D58-42DA-AE97-522BC8B40814}.Debug|Any CPU.ActiveCfg = Debug|Any CPU
		{F18EA45D-1D58-42DA-AE97-522BC8B40814}.Debug|Any CPU.Build.0 = Debug|Any CPU
		{F18EA45D-1D58-42DA-AE97-522BC8B40814}.Ext|Any CPU.ActiveCfg = Ext|Any CPU
		{F18EA45D-1D58-42DA-AE97-522BC8B40814}.Ext|Any CPU.Build.0 = Ext|Any CPU
		{F18EA45D-1D58-42DA-AE97-522BC8B40814}.Release|Any CPU.ActiveCfg = Release|Any CPU
		{F18EA45D-1D58-42DA-AE97-522BC8B40814}.Release|Any CPU.Build.0 = Release|Any CPU
	EndGlobalSection
	GlobalSection(SolutionProperties) = preSolution
		HideSolutionNode = FALSE
	EndGlobalSection
EndGlobal
